// !$*UTF8*$!
{
	archiveVersion = 1;
	classes = {
	};
	objectVersion = 46;
	objects = {

/* Begin PBXBuildFile section */
		8ACF40D2181EECDE00D59C95 /* Foundation.framework in Frameworks */ = {isa = PBXBuildFile; fileRef = 8ACF40D1181EECDE00D59C95 /* Foundation.framework */; };
		8ACF40D4181EECDE00D59C95 /* CoreGraphics.framework in Frameworks */ = {isa = PBXBuildFile; fileRef = 8ACF40D3181EECDE00D59C95 /* CoreGraphics.framework */; };
		8ACF40D6181EECDE00D59C95 /* UIKit.framework in Frameworks */ = {isa = PBXBuildFile; fileRef = 8ACF40D5181EECDE00D59C95 /* UIKit.framework */; };
		8ACF40D8181EECDE00D59C95 /* CoreData.framework in Frameworks */ = {isa = PBXBuildFile; fileRef = 8ACF40D7181EECDE00D59C95 /* CoreData.framework */; };
		8ACF40DE181EECDE00D59C95 /* InfoPlist.strings in Resources */ = {isa = PBXBuildFile; fileRef = 8ACF40DC181EECDE00D59C95 /* InfoPlist.strings */; };
		8ACF40E0181EECDE00D59C95 /* main.m in Sources */ = {isa = PBXBuildFile; fileRef = 8ACF40DF181EECDE00D59C95 /* main.m */; };
		8ACF40E4181EECDE00D59C95 /* UWBEAppDelegate.m in Sources */ = {isa = PBXBuildFile; fileRef = 8ACF40E3181EECDE00D59C95 /* UWBEAppDelegate.m */; };
		8ACF40E7181EECDE00D59C95 /* UWBookExchange.xcdatamodeld in Sources */ = {isa = PBXBuildFile; fileRef = 8ACF40E5181EECDE00D59C95 /* UWBookExchange.xcdatamodeld */; };
		8ACF40E9181EECDE00D59C95 /* Images.xcassets in Resources */ = {isa = PBXBuildFile; fileRef = 8ACF40E8181EECDE00D59C95 /* Images.xcassets */; };
		8ACF40F0181EECDE00D59C95 /* XCTest.framework in Frameworks */ = {isa = PBXBuildFile; fileRef = 8ACF40EF181EECDE00D59C95 /* XCTest.framework */; };
		8ACF40F1181EECDE00D59C95 /* Foundation.framework in Frameworks */ = {isa = PBXBuildFile; fileRef = 8ACF40D1181EECDE00D59C95 /* Foundation.framework */; };
		8ACF40F2181EECDE00D59C95 /* UIKit.framework in Frameworks */ = {isa = PBXBuildFile; fileRef = 8ACF40D5181EECDE00D59C95 /* UIKit.framework */; };
		8ACF40F3181EECDE00D59C95 /* CoreData.framework in Frameworks */ = {isa = PBXBuildFile; fileRef = 8ACF40D7181EECDE00D59C95 /* CoreData.framework */; };
		8ACF40FB181EECDE00D59C95 /* InfoPlist.strings in Resources */ = {isa = PBXBuildFile; fileRef = 8ACF40F9181EECDE00D59C95 /* InfoPlist.strings */; };
		8ACF40FD181EECDE00D59C95 /* UWBookExchangeTests.m in Sources */ = {isa = PBXBuildFile; fileRef = 8ACF40FC181EECDE00D59C95 /* UWBookExchangeTests.m */; };
/* End PBXBuildFile section */

/* Begin PBXContainerItemProxy section */
		8ACF40F4181EECDE00D59C95 /* PBXContainerItemProxy */ = {
			isa = PBXContainerItemProxy;
			containerPortal = 8ACF40C6181EECDE00D59C95 /* Project object */;
			proxyType = 1;
			remoteGlobalIDString = 8ACF40CD181EECDE00D59C95;
			remoteInfo = UWBookExchange;
		};
/* End PBXContainerItemProxy section */

/* Begin PBXFileReference section */
		8ACF40CE181EECDE00D59C95 /* UWBookExchange.app */ = {isa = PBXFileReference; explicitFileType = wrapper.application; includeInIndex = 0; path = UWBookExchange.app; sourceTree = BUILT_PRODUCTS_DIR; };
		8ACF40D1181EECDE00D59C95 /* Foundation.framework */ = {isa = PBXFileReference; lastKnownFileType = wrapper.framework; name = Foundation.framework; path = System/Library/Frameworks/Foundation.framework; sourceTree = SDKROOT; };
		8ACF40D3181EECDE00D59C95 /* CoreGraphics.framework */ = {isa = PBXFileReference; lastKnownFileType = wrapper.framework; name = CoreGraphics.framework; path = System/Library/Frameworks/CoreGraphics.framework; sourceTree = SDKROOT; };
		8ACF40D5181EECDE00D59C95 /* UIKit.framework */ = {isa = PBXFileReference; lastKnownFileType = wrapper.framework; name = UIKit.framework; path = System/Library/Frameworks/UIKit.framework; sourceTree = SDKROOT; };
		8ACF40D7181EECDE00D59C95 /* CoreData.framework */ = {isa = PBXFileReference; lastKnownFileType = wrapper.framework; name = CoreData.framework; path = System/Library/Frameworks/CoreData.framework; sourceTree = SDKROOT; };
		8ACF40DB181EECDE00D59C95 /* UWBookExchange-Info.plist */ = {isa = PBXFileReference; lastKnownFileType = text.plist.xml; path = "UWBookExchange-Info.plist"; sourceTree = "<group>"; };
		8ACF40DD181EECDE00D59C95 /* en */ = {isa = PBXFileReference; lastKnownFileType = text.plist.strings; name = en; path = en.lproj/InfoPlist.strings; sourceTree = "<group>"; };
		8ACF40DF181EECDE00D59C95 /* main.m */ = {isa = PBXFileReference; lastKnownFileType = sourcecode.c.objc; path = main.m; sourceTree = "<group>"; };
		8ACF40E1181EECDE00D59C95 /* UWBookExchange-Prefix.pch */ = {isa = PBXFileReference; lastKnownFileType = sourcecode.c.h; path = "UWBookExchange-Prefix.pch"; sourceTree = "<group>"; };
		8ACF40E2181EECDE00D59C95 /* UWBEAppDelegate.h */ = {isa = PBXFileReference; lastKnownFileType = sourcecode.c.h; path = UWBEAppDelegate.h; sourceTree = "<group>"; };
		8ACF40E3181EECDE00D59C95 /* UWBEAppDelegate.m */ = {isa = PBXFileReference; lastKnownFileType = sourcecode.c.objc; path = UWBEAppDelegate.m; sourceTree = "<group>"; };
		8ACF40E6181EECDE00D59C95 /* UWBookExchange.xcdatamodel */ = {isa = PBXFileReference; lastKnownFileType = wrapper.xcdatamodel; path = UWBookExchange.xcdatamodel; sourceTree = "<group>"; };
		8ACF40E8181EECDE00D59C95 /* Images.xcassets */ = {isa = PBXFileReference; lastKnownFileType = folder.assetcatalog; path = Images.xcassets; sourceTree = "<group>"; };
		8ACF40EE181EECDE00D59C95 /* UWBookExchangeTests.xctest */ = {isa = PBXFileReference; explicitFileType = wrapper.cfbundle; includeInIndex = 0; path = UWBookExchangeTests.xctest; sourceTree = BUILT_PRODUCTS_DIR; };
		8ACF40EF181EECDE00D59C95 /* XCTest.framework */ = {isa = PBXFileReference; lastKnownFileType = wrapper.framework; name = XCTest.framework; path = Library/Frameworks/XCTest.framework; sourceTree = DEVELOPER_DIR; };
		8ACF40F8181EECDE00D59C95 /* UWBookExchangeTests-Info.plist */ = {isa = PBXFileReference; lastKnownFileType = text.plist.xml; path = "UWBookExchangeTests-Info.plist"; sourceTree = "<group>"; };
		8ACF40FA181EECDE00D59C95 /* en */ = {isa = PBXFileReference; lastKnownFileType = text.plist.strings; name = en; path = en.lproj/InfoPlist.strings; sourceTree = "<group>"; };
		8ACF40FC181EECDE00D59C95 /* UWBookExchangeTests.m */ = {isa = PBXFileReference; lastKnownFileType = sourcecode.c.objc; path = UWBookExchangeTests.m; sourceTree = "<group>"; };
/* End PBXFileReference section */

/* Begin PBXFrameworksBuildPhase section */
		8ACF40CB181EECDE00D59C95 /* Frameworks */ = {
			isa = PBXFrameworksBuildPhase;
			buildActionMask = 2147483647;
			files = (
				8ACF40D4181EECDE00D59C95 /* CoreGraphics.framework in Frameworks */,
				8ACF40D8181EECDE00D59C95 /* CoreData.framework in Frameworks */,
				8ACF40D6181EECDE00D59C95 /* UIKit.framework in Frameworks */,
				8ACF40D2181EECDE00D59C95 /* Foundation.framework in Frameworks */,
			);
			runOnlyForDeploymentPostprocessing = 0;
		};
		8ACF40EB181EECDE00D59C95 /* Frameworks */ = {
			isa = PBXFrameworksBuildPhase;
			buildActionMask = 2147483647;
			files = (
				8ACF40F0181EECDE00D59C95 /* XCTest.framework in Frameworks */,
				8ACF40F3181EECDE00D59C95 /* CoreData.framework in Frameworks */,
				8ACF40F2181EECDE00D59C95 /* UIKit.framework in Frameworks */,
				8ACF40F1181EECDE00D59C95 /* Foundation.framework in Frameworks */,
			);
			runOnlyForDeploymentPostprocessing = 0;
		};
/* End PBXFrameworksBuildPhase section */

/* Begin PBXGroup section */
		8ACF40C5181EECDE00D59C95 = {
			isa = PBXGroup;
			children = (
				8ACF40D9181EECDE00D59C95 /* UWBookExchange */,
				8ACF40F6181EECDE00D59C95 /* UWBookExchangeTests */,
				8ACF40D0181EECDE00D59C95 /* Frameworks */,
				8ACF40CF181EECDE00D59C95 /* Products */,
			);
			sourceTree = "<group>";
		};
		8ACF40CF181EECDE00D59C95 /* Products */ = {
			isa = PBXGroup;
			children = (
				8ACF40CE181EECDE00D59C95 /* UWBookExchange.app */,
				8ACF40EE181EECDE00D59C95 /* UWBookExchangeTests.xctest */,
			);
			name = Products;
			sourceTree = "<group>";
		};
		8ACF40D0181EECDE00D59C95 /* Frameworks */ = {
			isa = PBXGroup;
			children = (
				8ACF40D1181EECDE00D59C95 /* Foundation.framework */,
				8ACF40D3181EECDE00D59C95 /* CoreGraphics.framework */,
				8ACF40D5181EECDE00D59C95 /* UIKit.framework */,
				8ACF40D7181EECDE00D59C95 /* CoreData.framework */,
				8ACF40EF181EECDE00D59C95 /* XCTest.framework */,
			);
			name = Frameworks;
			sourceTree = "<group>";
		};
		8ACF40D9181EECDE00D59C95 /* UWBookExchange */ = {
			isa = PBXGroup;
			children = (
				8ACF40E2181EECDE00D59C95 /* UWBEAppDelegate.h */,
				8ACF40E3181EECDE00D59C95 /* UWBEAppDelegate.m */,
				8ACF40E8181EECDE00D59C95 /* Images.xcassets */,
				8ACF40E5181EECDE00D59C95 /* UWBookExchange.xcdatamodeld */,
				8ACF40DA181EECDE00D59C95 /* Supporting Files */,
			);
			path = UWBookExchange;
			sourceTree = "<group>";
		};
		8ACF40DA181EECDE00D59C95 /* Supporting Files */ = {
			isa = PBXGroup;
			children = (
				8ACF40DB181EECDE00D59C95 /* UWBookExchange-Info.plist */,
				8ACF40DC181EECDE00D59C95 /* InfoPlist.strings */,
				8ACF40DF181EECDE00D59C95 /* main.m */,
				8ACF40E1181EECDE00D59C95 /* UWBookExchange-Prefix.pch */,
			);
			name = "Supporting Files";
			sourceTree = "<group>";
		};
		8ACF40F6181EECDE00D59C95 /* UWBookExchangeTests */ = {
			isa = PBXGroup;
			children = (
				8ACF40FC181EECDE00D59C95 /* UWBookExchangeTests.m */,
				8ACF40F7181EECDE00D59C95 /* Supporting Files */,
			);
			path = UWBookExchangeTests;
			sourceTree = "<group>";
		};
		8ACF40F7181EECDE00D59C95 /* Supporting Files */ = {
			isa = PBXGroup;
			children = (
				8ACF40F8181EECDE00D59C95 /* UWBookExchangeTests-Info.plist */,
				8ACF40F9181EECDE00D59C95 /* InfoPlist.strings */,
			);
			name = "Supporting Files";
			sourceTree = "<group>";
		};
/* End PBXGroup section */

/* Begin PBXNativeTarget section */
		8ACF40CD181EECDE00D59C95 /* UWBookExchange */ = {
			isa = PBXNativeTarget;
			buildConfigurationList = 8ACF4100181EECDE00D59C95 /* Build configuration list for PBXNativeTarget "UWBookExchange" */;
			buildPhases = (
				8ACF40CA181EECDE00D59C95 /* Sources */,
				8ACF40CB181EECDE00D59C95 /* Frameworks */,
				8ACF40CC181EECDE00D59C95 /* Resources */,
			);
			buildRules = (
			);
			dependencies = (
			);
			name = UWBookExchange;
			productName = UWBookExchange;
			productReference = 8ACF40CE181EECDE00D59C95 /* UWBookExchange.app */;
			productType = "com.apple.product-type.application";
		};
		8ACF40ED181EECDE00D59C95 /* UWBookExchangeTests */ = {
			isa = PBXNativeTarget;
			buildConfigurationList = 8ACF4103181EECDE00D59C95 /* Build configuration list for PBXNativeTarget "UWBookExchangeTests" */;
			buildPhases = (
				8ACF40EA181EECDE00D59C95 /* Sources */,
				8ACF40EB181EECDE00D59C95 /* Frameworks */,
				8ACF40EC181EECDE00D59C95 /* Resources */,
			);
			buildRules = (
			);
			dependencies = (
				8ACF40F5181EECDE00D59C95 /* PBXTargetDependency */,
			);
			name = UWBookExchangeTests;
			productName = UWBookExchangeTests;
			productReference = 8ACF40EE181EECDE00D59C95 /* UWBookExchangeTests.xctest */;
			productType = "com.apple.product-type.bundle.unit-test";
		};
/* End PBXNativeTarget section */

/* Begin PBXProject section */
		8ACF40C6181EECDE00D59C95 /* Project object */ = {
			isa = PBXProject;
			attributes = {
				CLASSPREFIX = UWBE;
				LastUpgradeCheck = 0500;
				ORGANIZATIONNAME = Liyansong;
				TargetAttributes = {
					8ACF40ED181EECDE00D59C95 = {
						TestTargetID = 8ACF40CD181EECDE00D59C95;
					};
				};
			};
			buildConfigurationList = 8ACF40C9181EECDE00D59C95 /* Build configuration list for PBXProject "UWBookExchange" */;
			compatibilityVersion = "Xcode 3.2";
			developmentRegion = English;
			hasScannedForEncodings = 0;
			knownRegions = (
				en,
			);
			mainGroup = 8ACF40C5181EECDE00D59C95;
			productRefGroup = 8ACF40CF181EECDE00D59C95 /* Products */;
			projectDirPath = "";
			projectRoot = "";
			targets = (
				8ACF40CD181EECDE00D59C95 /* UWBookExchange */,
				8ACF40ED181EECDE00D59C95 /* UWBookExchangeTests */,
			);
		};
/* End PBXProject section */

/* Begin PBXResourcesBuildPhase section */
		8ACF40CC181EECDE00D59C95 /* Resources */ = {
			isa = PBXResourcesBuildPhase;
			buildActionMask = 2147483647;
			files = (
				8ACF40DE181EECDE00D59C95 /* InfoPlist.strings in Resources */,
				8ACF40E9181EECDE00D59C95 /* Images.xcassets in Resources */,
			);
			runOnlyForDeploymentPostprocessing = 0;
		};
		8ACF40EC181EECDE00D59C95 /* Resources */ = {
			isa = PBXResourcesBuildPhase;
			buildActionMask = 2147483647;
			files = (
				8ACF40FB181EECDE00D59C95 /* InfoPlist.strings in Resources */,
			);
			runOnlyForDeploymentPostprocessing = 0;
		};
/* End PBXResourcesBuildPhase section */

/* Begin PBXSourcesBuildPhase section */
		8ACF40CA181EECDE00D59C95 /* Sources */ = {
			isa = PBXSourcesBuildPhase;
			buildActionMask = 2147483647;
			files = (
				8ACF40E0181EECDE00D59C95 /* main.m in Sources */,
				8ACF40E7181EECDE00D59C95 /* UWBookExchange.xcdatamodeld in Sources */,
				8ACF40E4181EECDE00D59C95 /* UWBEAppDelegate.m in Sources */,
			);
			runOnlyForDeploymentPostprocessing = 0;
		};
		8ACF40EA181EECDE00D59C95 /* Sources */ = {
			isa = PBXSourcesBuildPhase;
			buildActionMask = 2147483647;
			files = (
				8ACF40FD181EECDE00D59C95 /* UWBookExchangeTests.m in Sources */,
			);
			runOnlyForDeploymentPostprocessing = 0;
		};
/* End PBXSourcesBuildPhase section */

/* Begin PBXTargetDependency section */
		8ACF40F5181EECDE00D59C95 /* PBXTargetDependency */ = {
			isa = PBXTargetDependency;
			target = 8ACF40CD181EECDE00D59C95 /* UWBookExchange */;
			targetProxy = 8ACF40F4181EECDE00D59C95 /* PBXContainerItemProxy */;
		};
/* End PBXTargetDependency section */

/* Begin PBXVariantGroup section */
		8ACF40DC181EECDE00D59C95 /* InfoPlist.strings */ = {
			isa = PBXVariantGroup;
			children = (
				8ACF40DD181EECDE00D59C95 /* en */,
			);
			name = InfoPlist.strings;
			sourceTree = "<group>";
		};
		8ACF40F9181EECDE00D59C95 /* InfoPlist.strings */ = {
			isa = PBXVariantGroup;
			children = (
				8ACF40FA181EECDE00D59C95 /* en */,
			);
			name = InfoPlist.strings;
			sourceTree = "<group>";
		};
/* End PBXVariantGroup section */

/* Begin XCBuildConfiguration section */
		8ACF40FE181EECDE00D59C95 /* Debug */ = {
			isa = XCBuildConfiguration;
			buildSettings = {
				ALWAYS_SEARCH_USER_PATHS = NO;
				ARCHS = "$(ARCHS_STANDARD_INCLUDING_64_BIT)";
				CLANG_CXX_LANGUAGE_STANDARD = "gnu++0x";
				CLANG_CXX_LIBRARY = "libc++";
				CLANG_ENABLE_MODULES = YES;
				CLANG_ENABLE_OBJC_ARC = YES;
				CLANG_WARN_BOOL_CONVERSION = YES;
				CLANG_WARN_CONSTANT_CONVERSION = YES;
				CLANG_WARN_DIRECT_OBJC_ISA_USAGE = YES_ERROR;
				CLANG_WARN_EMPTY_BODY = YES;
				CLANG_WARN_ENUM_CONVERSION = YES;
				CLANG_WARN_INT_CONVERSION = YES;
				CLANG_WARN_OBJC_ROOT_CLASS = YES_ERROR;
				CLANG_WARN__DUPLICATE_METHOD_MATCH = YES;
				"CODE_SIGN_IDENTITY[sdk=iphoneos*]" = "iPhone Developer";
				COPY_PHASE_STRIP = NO;
				GCC_C_LANGUAGE_STANDARD = gnu99;
				GCC_DYNAMIC_NO_PIC = NO;
				GCC_OPTIMIZATION_LEVEL = 0;
				GCC_PREPROCESSOR_DEFINITIONS = (
					"DEBUG=1",
					"$(inherited)",
				);
				GCC_SYMBOLS_PRIVATE_EXTERN = NO;
				GCC_WARN_64_TO_32_BIT_CONVERSION = YES;
				GCC_WARN_ABOUT_RETURN_TYPE = YES_ERROR;
				GCC_WARN_UNDECLARED_SELECTOR = YES;
				GCC_WARN_UNINITIALIZED_AUTOS = YES;
				GCC_WARN_UNUSED_FUNCTION = YES;
				GCC_WARN_UNUSED_VARIABLE = YES;
				IPHONEOS_DEPLOYMENT_TARGET = 7.0;
				ONLY_ACTIVE_ARCH = YES;
				SDKROOT = iphoneos;
			};
			name = Debug;
		};
		8ACF40FF181EECDE00D59C95 /* Release */ = {
			isa = XCBuildConfiguration;
			buildSettings = {
				ALWAYS_SEARCH_USER_PATHS = NO;
				ARCHS = "$(ARCHS_STANDARD_INCLUDING_64_BIT)";
				CLANG_CXX_LANGUAGE_STANDARD = "gnu++0x";
				CLANG_CXX_LIBRARY = "libc++";
				CLANG_ENABLE_MODULES = YES;
				CLANG_ENABLE_OBJC_ARC = YES;
				CLANG_WARN_BOOL_CONVERSION = YES;
				CLANG_WARN_CONSTANT_CONVERSION = YES;
				CLANG_WARN_DIRECT_OBJC_ISA_USAGE = YES_ERROR;
				CLANG_WARN_EMPTY_BODY = YES;
				CLANG_WARN_ENUM_CONVERSION = YES;
				CLANG_WARN_INT_CONVERSION = YES;
				CLANG_WARN_OBJC_ROOT_CLASS = YES_ERROR;
				CLANG_WARN__DUPLICATE_METHOD_MATCH = YES;
				"CODE_SIGN_IDENTITY[sdk=iphoneos*]" = "iPhone Developer";
				COPY_PHASE_STRIP = YES;
				ENABLE_NS_ASSERTIONS = NO;
				GCC_C_LANGUAGE_STANDARD = gnu99;
				GCC_WARN_64_TO_32_BIT_CONVERSION = YES;
				GCC_WARN_ABOUT_RETURN_TYPE = YES_ERROR;
				GCC_WARN_UNDECLARED_SELECTOR = YES;
				GCC_WARN_UNINITIALIZED_AUTOS = YES;
				GCC_WARN_UNUSED_FUNCTION = YES;
				GCC_WARN_UNUSED_VARIABLE = YES;
				IPHONEOS_DEPLOYMENT_TARGET = 7.0;
				SDKROOT = iphoneos;
				VALIDATE_PRODUCT = YES;
			};
			name = Release;
		};
		8ACF4101181EECDE00D59C95 /* Debug */ = {
			isa = XCBuildConfiguration;
			buildSettings = {
				ASSETCATALOG_COMPILER_APPICON_NAME = AppIcon;
				ASSETCATALOG_COMPILER_LAUNCHIMAGE_NAME = LaunchImage;
				GCC_PRECOMPILE_PREFIX_HEADER = YES;
				GCC_PREFIX_HEADER = "UWBookExchange/UWBookExchange-Prefix.pch";
				INFOPLIST_FILE = "UWBookExchange/UWBookExchange-Info.plist";
				PRODUCT_NAME = "$(TARGET_NAME)";
				WRAPPER_EXTENSION = app;
			};
			name = Debug;
		};
		8ACF4102181EECDE00D59C95 /* Release */ = {
			isa = XCBuildConfiguration;
			buildSettings = {
				ASSETCATALOG_COMPILER_APPICON_NAME = AppIcon;
				ASSETCATALOG_COMPILER_LAUNCHIMAGE_NAME = LaunchImage;
				GCC_PRECOMPILE_PREFIX_HEADER = YES;
				GCC_PREFIX_HEADER = "UWBookExchange/UWBookExchange-Prefix.pch";
				INFOPLIST_FILE = "UWBookExchange/UWBookExchange-Info.plist";
				PRODUCT_NAME = "$(TARGET_NAME)";
				WRAPPER_EXTENSION = app;
			};
			name = Release;
		};
		8ACF4104181EECDE00D59C95 /* Debug */ = {
			isa = XCBuildConfiguration;
			buildSettings = {
				ARCHS = "$(ARCHS_STANDARD_INCLUDING_64_BIT)";
				BUNDLE_LOADER = "$(BUILT_PRODUCTS_DIR)/UWBookExchange.app/UWBookExchange";
				FRAMEWORK_SEARCH_PATHS = (
					"$(SDKROOT)/Developer/Library/Frameworks",
					"$(inherited)",
					"$(DEVELOPER_FRAMEWORKS_DIR)",
				);
				GCC_PRECOMPILE_PREFIX_HEADER = YES;
				GCC_PREFIX_HEADER = "UWBookExchange/UWBookExchange-Prefix.pch";
				GCC_PREPROCESSOR_DEFINITIONS = (
					"DEBUG=1",
					"$(inherited)",
				);
				INFOPLIST_FILE = "UWBookExchangeTests/UWBookExchangeTests-Info.plist";
				PRODUCT_NAME = "$(TARGET_NAME)";
				TEST_HOST = "$(BUNDLE_LOADER)";
				WRAPPER_EXTENSION = xctest;
			};
			name = Debug;
		};
		8ACF4105181EECDE00D59C95 /* Release */ = {
			isa = XCBuildConfiguration;
			buildSettings = {
				ARCHS = "$(ARCHS_STANDARD_INCLUDING_64_BIT)";
				BUNDLE_LOADER = "$(BUILT_PRODUCTS_DIR)/UWBookExchange.app/UWBookExchange";
				FRAMEWORK_SEARCH_PATHS = (
					"$(SDKROOT)/Developer/Library/Frameworks",
					"$(inherited)",
					"$(DEVELOPER_FRAMEWORKS_DIR)",
				);
				GCC_PRECOMPILE_PREFIX_HEADER = YES;
				GCC_PREFIX_HEADER = "UWBookExchange/UWBookExchange-Prefix.pch";
				INFOPLIST_FILE = "UWBookExchangeTests/UWBookExchangeTests-Info.plist";
				PRODUCT_NAME = "$(TARGET_NAME)";
				TEST_HOST = "$(BUNDLE_LOADER)";
				WRAPPER_EXTENSION = xctest;
			};
			name = Release;
		};
/* End XCBuildConfiguration section */

/* Begin XCConfigurationList section */
		8ACF40C9181EECDE00D59C95 /* Build configuration list for PBXProject "UWBookExchange" */ = {
			isa = XCConfigurationList;
			buildConfigurations = (
				8ACF40FE181EECDE00D59C95 /* Debug */,
				8ACF40FF181EECDE00D59C95 /* Release */,
			);
			defaultConfigurationIsVisible = 0;
			defaultConfigurationName = Release;
		};
		8ACF4100181EECDE00D59C95 /* Build configuration list for PBXNativeTarget "UWBookExchange" */ = {
			isa = XCConfigurationList;
			buildConfigurations = (
				8ACF4101181EECDE00D59C95 /* Debug */,
				8ACF4102181EECDE00D59C95 /* Release */,
			);
			defaultConfigurationIsVisible = 0;
		};
		8ACF4103181EECDE00D59C95 /* Build configuration list for PBXNativeTarget "UWBookExchangeTests" */ = {
			isa = XCConfigurationList;
			buildConfigurations = (
				8ACF4104181EECDE00D59C95 /* Debug */,
				8ACF4105181EECDE00D59C95 /* Release */,
			);
			defaultConfigurationIsVisible = 0;
		};
/* End XCConfigurationList section */

/* Begin XCVersionGroup section */
		8ACF40E5181EECDE00D59C95 /* UWBookExchange.xcdatamodeld */ = {
			isa = XCVersionGroup;
			children = (
				8ACF40E6181EECDE00D59C95 /* UWBookExchange.xcdatamodel */,
			);
			currentVersion = 8ACF40E6181EECDE00D59C95 /* UWBookExchange.xcdatamodel */;
			path = UWBookExchange.xcdatamodeld;
			sourceTree = "<group>";
			versionGroupType = wrapper.xcdatamodel;
		};
/* End XCVersionGroup section */
	};
	rootObject = 8ACF40C6181EECDE00D59C95 /* Project object */;
}
